
Microsoft Visual Studio Solution File, Format Version 12.00
# Visual Studio Version 17
VisualStudioVersion = 17.0.31912.275
MinimumVisualStudioVersion = 10.0.40219.1
Project("{FAE04EC0-301F-11D3-BF4B-00C04F79EFBC}") = "LL.mail", "LL.mail\LL.mail.csproj", "{B150AD12-2A70-4FC8-BA6B-00B8420D871A}"
EndProject
Project("{FAE04EC0-301F-11D3-BF4B-00C04F79EFBC}") = "LL.mailTests", "LL.mailTests\LL.mailTests.csproj", "{A8C11BF6-CCFD-4C69-9153-0515207AF1B2}"
EndProject
Global
	GlobalSection(SolutionConfigurationPlatforms) = preSolution
		Debug|Any CPU = Debug|Any CPU
		Release|Any CPU = Release|Any CPU
	EndGlobalSection
	GlobalSection(ProjectConfigurationPlatforms) = postSolution
		{B150AD12-2A70-4FC8-BA6B-00B8420D871A}.Debug|Any CPU.ActiveCfg = Debug|Any CPU
		{B150AD12-2A70-4FC8-BA6B-00B8420D871A}.Debug|Any CPU.Build.0 = Debug|Any CPU
		{B150AD12-2A70-4FC8-BA6B-00B8420D871A}.Release|Any CPU.ActiveCfg = Release|Any CPU
		{B150AD12-2A70-4FC8-BA6B-00B8420D871A}.Release|Any CPU.Build.0 = Release|Any CPU
		{A8C11BF6-CCFD-4C69-9153-0515207AF1B2}.Debug|Any CPU.ActiveCfg = Debug|Any CPU
		{A8C11BF6-CCFD-4C69-9153-0515207AF1B2}.Debug|Any CPU.Build.0 = Debug|Any CPU
		{A8C11BF6-CCFD-4C69-9153-0515207AF1B2}.Release|Any CPU.ActiveCfg = Release|Any CPU
		{A8C11BF6-CCFD-4C69-9153-0515207AF1B2}.Release|Any CPU.Build.0 = Release|Any CPU
	EndGlobalSection
	GlobalSection(SolutionProperties) = preSolution
		HideSolutionNode = FALSE
	EndGlobalSection
	GlobalSection(ExtensibilityGlobals) = postSolution
		SolutionGuid = {A026F87B-82A8-42E7-8DA4-6F407CF65627}
	EndGlobalSection
EndGlobal
